// !$*UTF8*$!
{
	archiveVersion = 1;
	classes = {
	};
	objectVersion = 56;
	objects = {

/* Begin PBXBuildFile section */
		96BA261D2C0EFC9B001F7A6E /* AppDelegate.swift in Sources */ = {isa = PBXBuildFile; fileRef = 96BA261C2C0EFC9B001F7A6E /* AppDelegate.swift */; };
		96BA261F2C0EFC9B001F7A6E /* SceneDelegate.swift in Sources */ = {isa = PBXBuildFile; fileRef = 96BA261E2C0EFC9B001F7A6E /* SceneDelegate.swift */; };
		96BA26212C0EFC9B001F7A6E /* ViewController.swift in Sources */ = {isa = PBXBuildFile; fileRef = 96BA26202C0EFC9B001F7A6E /* ViewController.swift */; };
		96BA26242C0EFC9B001F7A6E /* Main.storyboard in Resources */ = {isa = PBXBuildFile; fileRef = 96BA26222C0EFC9B001F7A6E /* Main.storyboard */; };
		96BA26262C0EFC9E001F7A6E /* Assets.xcassets in Resources */ = {isa = PBXBuildFile; fileRef = 96BA26252C0EFC9E001F7A6E /* Assets.xcassets */; };
		96BA26292C0EFC9E001F7A6E /* LaunchScreen.storyboard in Resources */ = {isa = PBXBuildFile; fileRef = 96BA26272C0EFC9E001F7A6E /* LaunchScreen.storyboard */; };
		96BA26342C0EFC9F001F7A6E /* InstagramCloneTests.swift in Sources */ = {isa = PBXBuildFile; fileRef = 96BA26332C0EFC9F001F7A6E /* InstagramCloneTests.swift */; };
		96BA263E2C0EFC9F001F7A6E /* InstagramCloneUITests.swift in Sources */ = {isa = PBXBuildFile; fileRef = 96BA263D2C0EFC9F001F7A6E /* InstagramCloneUITests.swift */; };
		96BA26402C0EFC9F001F7A6E /* InstagramCloneUITestsLaunchTests.swift in Sources */ = {isa = PBXBuildFile; fileRef = 96BA263F2C0EFC9F001F7A6E /* InstagramCloneUITestsLaunchTests.swift */; };
/* End PBXBuildFile section */

/* Begin PBXContainerItemProxy section */
		96BA26302C0EFC9F001F7A6E /* PBXContainerItemProxy */ = {
			isa = PBXContainerItemProxy;
			containerPortal = 96BA26112C0EFC9B001F7A6E /* Project object */;
			proxyType = 1;
			remoteGlobalIDString = 96BA26182C0EFC9B001F7A6E;
			remoteInfo = InstagramClone;
		};
		96BA263A2C0EFC9F001F7A6E /* PBXContainerItemProxy */ = {
			isa = PBXContainerItemProxy;
			containerPortal = 96BA26112C0EFC9B001F7A6E /* Project object */;
			proxyType = 1;
			remoteGlobalIDString = 96BA26182C0EFC9B001F7A6E;
			remoteInfo = InstagramClone;
		};
/* End PBXContainerItemProxy section */

/* Begin PBXFileReference section */
		96BA26192C0EFC9B001F7A6E /* InstagramClone.app */ = {isa = PBXFileReference; explicitFileType = wrapper.application; includeInIndex = 0; path = InstagramClone.app; sourceTree = BUILT_PRODUCTS_DIR; };
		96BA261C2C0EFC9B001F7A6E /* AppDelegate.swift */ = {isa = PBXFileReference; lastKnownFileType = sourcecode.swift; path = AppDelegate.swift; sourceTree = "<group>"; };
		96BA261E2C0EFC9B001F7A6E /* SceneDelegate.swift */ = {isa = PBXFileReference; lastKnownFileType = sourcecode.swift; path = SceneDelegate.swift; sourceTree = "<group>"; };
		96BA26202C0EFC9B001F7A6E /* ViewController.swift */ = {isa = PBXFileReference; lastKnownFileType = sourcecode.swift; path = ViewController.swift; sourceTree = "<group>"; };
		96BA26232C0EFC9B001F7A6E /* Base */ = {isa = PBXFileReference; lastKnownFileType = file.storyboard; name = Base; path = Base.lproj/Main.storyboard; sourceTree = "<group>"; };
		96BA26252C0EFC9E001F7A6E /* Assets.xcassets */ = {isa = PBXFileReference; lastKnownFileType = folder.assetcatalog; path = Assets.xcassets; sourceTree = "<group>"; };
		96BA26282C0EFC9E001F7A6E /* Base */ = {isa = PBXFileReference; lastKnownFileType = file.storyboard; name = Base; path = Base.lproj/LaunchScreen.storyboard; sourceTree = "<group>"; };
		96BA262A2C0EFC9E001F7A6E /* Info.plist */ = {isa = PBXFileReference; lastKnownFileType = text.plist.xml; path = Info.plist; sourceTree = "<group>"; };
		96BA262F2C0EFC9F001F7A6E /* InstagramCloneTests.xctest */ = {isa = PBXFileReference; explicitFileType = wrapper.cfbundle; includeInIndex = 0; path = InstagramCloneTests.xctest; sourceTree = BUILT_PRODUCTS_DIR; };
		96BA26332C0EFC9F001F7A6E /* InstagramCloneTests.swift */ = {isa = PBXFileReference; lastKnownFileType = sourcecode.swift; path = InstagramCloneTests.swift; sourceTree = "<group>"; };
		96BA26392C0EFC9F001F7A6E /* InstagramCloneUITests.xctest */ = {isa = PBXFileReference; explicitFileType = wrapper.cfbundle; includeInIndex = 0; path = InstagramCloneUITests.xctest; sourceTree = BUILT_PRODUCTS_DIR; };
		96BA263D2C0EFC9F001F7A6E /* InstagramCloneUITests.swift */ = {isa = PBXFileReference; lastKnownFileType = sourcecode.swift; path = InstagramCloneUITests.swift; sourceTree = "<group>"; };
		96BA263F2C0EFC9F001F7A6E /* InstagramCloneUITestsLaunchTests.swift */ = {isa = PBXFileReference; lastKnownFileType = sourcecode.swift; path = InstagramCloneUITestsLaunchTests.swift; sourceTree = "<group>"; };
/* End PBXFileReference section */

/* Begin PBXFrameworksBuildPhase section */
		96BA26162C0EFC9B001F7A6E /* Frameworks */ = {
			isa = PBXFrameworksBuildPhase;
			buildActionMask = 2147483647;
			files = (
			);
			runOnlyForDeploymentPostprocessing = 0;
		};
		96BA262C2C0EFC9F001F7A6E /* Frameworks */ = {
			isa = PBXFrameworksBuildPhase;
			buildActionMask = 2147483647;
			files = (
			);
			runOnlyForDeploymentPostprocessing = 0;
		};
		96BA26362C0EFC9F001F7A6E /* Frameworks */ = {
			isa = PBXFrameworksBuildPhase;
			buildActionMask = 2147483647;
			files = (
			);
			runOnlyForDeploymentPostprocessing = 0;
		};
/* End PBXFrameworksBuildPhase section */

/* Begin PBXGroup section */
		96BA26102C0EFC9B001F7A6E = {
			isa = PBXGroup;
			children = (
				96BA261B2C0EFC9B001F7A6E /* InstagramClone */,
				96BA26322C0EFC9F001F7A6E /* InstagramCloneTests */,
				96BA263C2C0EFC9F001F7A6E /* InstagramCloneUITests */,
				96BA261A2C0EFC9B001F7A6E /* Products */,
			);
			sourceTree = "<group>";
		};
		96BA261A2C0EFC9B001F7A6E /* Products */ = {
			isa = PBXGroup;
			children = (
				96BA26192C0EFC9B001F7A6E /* InstagramClone.app */,
				96BA262F2C0EFC9F001F7A6E /* InstagramCloneTests.xctest */,
				96BA26392C0EFC9F001F7A6E /* InstagramCloneUITests.xctest */,
			);
			name = Products;
			sourceTree = "<group>";
		};
		96BA261B2C0EFC9B001F7A6E /* InstagramClone */ = {
			isa = PBXGroup;
			children = (
				96BA261C2C0EFC9B001F7A6E /* AppDelegate.swift */,
				96BA261E2C0EFC9B001F7A6E /* SceneDelegate.swift */,
				96BA26202C0EFC9B001F7A6E /* ViewController.swift */,
				96BA26222C0EFC9B001F7A6E /* Main.storyboard */,
				96BA26252C0EFC9E001F7A6E /* Assets.xcassets */,
				96BA26272C0EFC9E001F7A6E /* LaunchScreen.storyboard */,
				96BA262A2C0EFC9E001F7A6E /* Info.plist */,
			);
			path = InstagramClone;
			sourceTree = "<group>";
		};
		96BA26322C0EFC9F001F7A6E /* InstagramCloneTests */ = {
			isa = PBXGroup;
			children = (
				96BA26332C0EFC9F001F7A6E /* InstagramCloneTests.swift */,
			);
			path = InstagramCloneTests;
			sourceTree = "<group>";
		};
		96BA263C2C0EFC9F001F7A6E /* InstagramCloneUITests */ = {
			isa = PBXGroup;
			children = (
				96BA263D2C0EFC9F001F7A6E /* InstagramCloneUITests.swift */,
				96BA263F2C0EFC9F001F7A6E /* InstagramCloneUITestsLaunchTests.swift */,
			);
			path = InstagramCloneUITests;
			sourceTree = "<group>";
		};
/* End PBXGroup section */

/* Begin PBXNativeTarget section */
		96BA26182C0EFC9B001F7A6E /* InstagramClone */ = {
			isa = PBXNativeTarget;
			buildConfigurationList = 96BA26432C0EFC9F001F7A6E /* Build configuration list for PBXNativeTarget "InstagramClone" */;
			buildPhases = (
				96BA26152C0EFC9B001F7A6E /* Sources */,
				96BA26162C0EFC9B001F7A6E /* Frameworks */,
				96BA26172C0EFC9B001F7A6E /* Resources */,
			);
			buildRules = (
			);
			dependencies = (
			);
			name = InstagramClone;
			productName = InstagramClone;
			productReference = 96BA26192C0EFC9B001F7A6E /* InstagramClone.app */;
			productType = "com.apple.product-type.application";
		};
		96BA262E2C0EFC9F001F7A6E /* InstagramCloneTests */ = {
			isa = PBXNativeTarget;
			buildConfigurationList = 96BA26462C0EFC9F001F7A6E /* Build configuration list for PBXNativeTarget "InstagramCloneTests" */;
			buildPhases = (
				96BA262B2C0EFC9F001F7A6E /* Sources */,
				96BA262C2C0EFC9F001F7A6E /* Frameworks */,
				96BA262D2C0EFC9F001F7A6E /* Resources */,
			);
			buildRules = (
			);
			dependencies = (
				96BA26312C0EFC9F001F7A6E /* PBXTargetDependency */,
			);
			name = InstagramCloneTests;
			productName = InstagramCloneTests;
			productReference = 96BA262F2C0EFC9F001F7A6E /* InstagramCloneTests.xctest */;
			productType = "com.apple.product-type.bundle.unit-test";
		};
		96BA26382C0EFC9F001F7A6E /* InstagramCloneUITests */ = {
			isa = PBXNativeTarget;
			buildConfigurationList = 96BA26492C0EFC9F001F7A6E /* Build configuration list for PBXNativeTarget "InstagramCloneUITests" */;
			buildPhases = (
				96BA26352C0EFC9F001F7A6E /* Sources */,
				96BA26362C0EFC9F001F7A6E /* Frameworks */,
				96BA26372C0EFC9F001F7A6E /* Resources */,
			);
			buildRules = (
			);
			dependencies = (
				96BA263B2C0EFC9F001F7A6E /* PBXTargetDependency */,
			);
			name = InstagramCloneUITests;
			productName = InstagramCloneUITests;
			productReference = 96BA26392C0EFC9F001F7A6E /* InstagramCloneUITests.xctest */;
			productType = "com.apple.product-type.bundle.ui-testing";
		};
/* End PBXNativeTarget section */

/* Begin PBXProject section */
		96BA26112C0EFC9B001F7A6E /* Project object */ = {
			isa = PBXProject;
			attributes = {
				BuildIndependentTargetsInParallel = 1;
				LastSwiftUpdateCheck = 1430;
				LastUpgradeCheck = 1430;
				TargetAttributes = {
					96BA26182C0EFC9B001F7A6E = {
						CreatedOnToolsVersion = 14.3.1;
					};
					96BA262E2C0EFC9F001F7A6E = {
						CreatedOnToolsVersion = 14.3.1;
						TestTargetID = 96BA26182C0EFC9B001F7A6E;
					};
					96BA26382C0EFC9F001F7A6E = {
						CreatedOnToolsVersion = 14.3.1;
						TestTargetID = 96BA26182C0EFC9B001F7A6E;
					};
				};
			};
			buildConfigurationList = 96BA26142C0EFC9B001F7A6E /* Build configuration list for PBXProject "InstagramClone" */;
			compatibilityVersion = "Xcode 14.0";
			developmentRegion = en;
			hasScannedForEncodings = 0;
			knownRegions = (
				en,
				Base,
			);
			mainGroup = 96BA26102C0EFC9B001F7A6E;
			productRefGroup = 96BA261A2C0EFC9B001F7A6E /* Products */;
			projectDirPath = "";
			projectRoot = "";
			targets = (
				96BA26182C0EFC9B001F7A6E /* InstagramClone */,
				96BA262E2C0EFC9F001F7A6E /* InstagramCloneTests */,
				96BA26382C0EFC9F001F7A6E /* InstagramCloneUITests */,
			);
		};
/* End PBXProject section */

/* Begin PBXResourcesBuildPhase section */
		96BA26172C0EFC9B001F7A6E /* Resources */ = {
			isa = PBXResourcesBuildPhase;
			buildActionMask = 2147483647;
			files = (
				96BA26292C0EFC9E001F7A6E /* LaunchScreen.storyboard in Resources */,
				96BA26262C0EFC9E001F7A6E /* Assets.xcassets in Resources */,
				96BA26242C0EFC9B001F7A6E /* Main.storyboard in Resources */,
			);
			runOnlyForDeploymentPostprocessing = 0;
		};
		96BA262D2C0EFC9F001F7A6E /* Resources */ = {
			isa = PBXResourcesBuildPhase;
			buildActionMask = 2147483647;
			files = (
			);
			runOnlyForDeploymentPostprocessing = 0;
		};
		96BA26372C0EFC9F001F7A6E /* Resources */ = {
			isa = PBXResourcesBuildPhase;
			buildActionMask = 2147483647;
			files = (
			);
			runOnlyForDeploymentPostprocessing = 0;
		};
/* End PBXResourcesBuildPhase section */

/* Begin PBXSourcesBuildPhase section */
		96BA26152C0EFC9B001F7A6E /* Sources */ = {
			isa = PBXSourcesBuildPhase;
			buildActionMask = 2147483647;
			files = (
				96BA26212C0EFC9B001F7A6E /* ViewController.swift in Sources */,
				96BA261D2C0EFC9B001F7A6E /* AppDelegate.swift in Sources */,
				96BA261F2C0EFC9B001F7A6E /* SceneDelegate.swift in Sources */,
			);
			runOnlyForDeploymentPostprocessing = 0;
		};
		96BA262B2C0EFC9F001F7A6E /* Sources */ = {
			isa = PBXSourcesBuildPhase;
			buildActionMask = 2147483647;
			files = (
				96BA26342C0EFC9F001F7A6E /* InstagramCloneTests.swift in Sources */,
			);
			runOnlyForDeploymentPostprocessing = 0;
		};
		96BA26352C0EFC9F001F7A6E /* Sources */ = {
			isa = PBXSourcesBuildPhase;
			buildActionMask = 2147483647;
			files = (
				96BA263E2C0EFC9F001F7A6E /* InstagramCloneUITests.swift in Sources */,
				96BA26402C0EFC9F001F7A6E /* InstagramCloneUITestsLaunchTests.swift in Sources */,
			);
			runOnlyForDeploymentPostprocessing = 0;
		};
/* End PBXSourcesBuildPhase section */

/* Begin PBXTargetDependency section */
		96BA26312C0EFC9F001F7A6E /* PBXTargetDependency */ = {
			isa = PBXTargetDependency;
			target = 96BA26182C0EFC9B001F7A6E /* InstagramClone */;
			targetProxy = 96BA26302C0EFC9F001F7A6E /* PBXContainerItemProxy */;
		};
		96BA263B2C0EFC9F001F7A6E /* PBXTargetDependency */ = {
			isa = PBXTargetDependency;
			target = 96BA26182C0EFC9B001F7A6E /* InstagramClone */;
			targetProxy = 96BA263A2C0EFC9F001F7A6E /* PBXContainerItemProxy */;
		};
/* End PBXTargetDependency section */

/* Begin PBXVariantGroup section */
		96BA26222C0EFC9B001F7A6E /* Main.storyboard */ = {
			isa = PBXVariantGroup;
			children = (
				96BA26232C0EFC9B001F7A6E /* Base */,
			);
			name = Main.storyboard;
			sourceTree = "<group>";
		};
		96BA26272C0EFC9E001F7A6E /* LaunchScreen.storyboard */ = {
			isa = PBXVariantGroup;
			children = (
				96BA26282C0EFC9E001F7A6E /* Base */,
			);
			name = LaunchScreen.storyboard;
			sourceTree = "<group>";
		};
/* End PBXVariantGroup section */

/* Begin XCBuildConfiguration section */
		96BA26412C0EFC9F001F7A6E /* Debug */ = {
			isa = XCBuildConfiguration;
			buildSettings = {
				ALWAYS_SEARCH_USER_PATHS = NO;
				CLANG_ANALYZER_NONNULL = YES;
				CLANG_ANALYZER_NUMBER_OBJECT_CONVERSION = YES_AGGRESSIVE;
				CLANG_CXX_LANGUAGE_STANDARD = "gnu++20";
				CLANG_ENABLE_MODULES = YES;
				CLANG_ENABLE_OBJC_ARC = YES;
				CLANG_ENABLE_OBJC_WEAK = YES;
				CLANG_WARN_BLOCK_CAPTURE_AUTORELEASING = YES;
				CLANG_WARN_BOOL_CONVERSION = YES;
				CLANG_WARN_COMMA = YES;
				CLANG_WARN_CONSTANT_CONVERSION = YES;
				CLANG_WARN_DEPRECATED_OBJC_IMPLEMENTATIONS = YES;
				CLANG_WARN_DIRECT_OBJC_ISA_USAGE = YES_ERROR;
				CLANG_WARN_DOCUMENTATION_COMMENTS = YES;
				CLANG_WARN_EMPTY_BODY = YES;
				CLANG_WARN_ENUM_CONVERSION = YES;
				CLANG_WARN_INFINITE_RECURSION = YES;
				CLANG_WARN_INT_CONVERSION = YES;
				CLANG_WARN_NON_LITERAL_NULL_CONVERSION = YES;
				CLANG_WARN_OBJC_IMPLICIT_RETAIN_SELF = YES;
				CLANG_WARN_OBJC_LITERAL_CONVERSION = YES;
				CLANG_WARN_OBJC_ROOT_CLASS = YES_ERROR;
				CLANG_WARN_QUOTED_INCLUDE_IN_FRAMEWORK_HEADER = YES;
				CLANG_WARN_RANGE_LOOP_ANALYSIS = YES;
				CLANG_WARN_STRICT_PROTOTYPES = YES;
				CLANG_WARN_SUSPICIOUS_MOVE = YES;
				CLANG_WARN_UNGUARDED_AVAILABILITY = YES_AGGRESSIVE;
				CLANG_WARN_UNREACHABLE_CODE = YES;
				CLANG_WARN__DUPLICATE_METHOD_MATCH = YES;
				COPY_PHASE_STRIP = NO;
				DEBUG_INFORMATION_FORMAT = dwarf;
				ENABLE_STRICT_OBJC_MSGSEND = YES;
				ENABLE_TESTABILITY = YES;
				GCC_C_LANGUAGE_STANDARD = gnu11;
				GCC_DYNAMIC_NO_PIC = NO;
				GCC_NO_COMMON_BLOCKS = YES;
				GCC_OPTIMIZATION_LEVEL = 0;
				GCC_PREPROCESSOR_DEFINITIONS = (
					"DEBUG=1",
					"$(inherited)",
				);
				GCC_WARN_64_TO_32_BIT_CONVERSION = YES;
				GCC_WARN_ABOUT_RETURN_TYPE = YES_ERROR;
				GCC_WARN_UNDECLARED_SELECTOR = YES;
				GCC_WARN_UNINITIALIZED_AUTOS = YES_AGGRESSIVE;
				GCC_WARN_UNUSED_FUNCTION = YES;
				GCC_WARN_UNUSED_VARIABLE = YES;
				IPHONEOS_DEPLOYMENT_TARGET = 16.4;
				MTL_ENABLE_DEBUG_INFO = INCLUDE_SOURCE;
				MTL_FAST_MATH = YES;
				ONLY_ACTIVE_ARCH = YES;
				SDKROOT = iphoneos;
				SWIFT_ACTIVE_COMPILATION_CONDITIONS = DEBUG;
				SWIFT_OPTIMIZATION_LEVEL = "-Onone";
			};
			name = Debug;
		};
		96BA26422C0EFC9F001F7A6E /* Release */ = {
			isa = XCBuildConfiguration;
			buildSettings = {
				ALWAYS_SEARCH_USER_PATHS = NO;
				CLANG_ANALYZER_NONNULL = YES;
				CLANG_ANALYZER_NUMBER_OBJECT_CONVERSION = YES_AGGRESSIVE;
				CLANG_CXX_LANGUAGE_STANDARD = "gnu++20";
				CLANG_ENABLE_MODULES = YES;
				CLANG_ENABLE_OBJC_ARC = YES;
				CLANG_ENABLE_OBJC_WEAK = YES;
				CLANG_WARN_BLOCK_CAPTURE_AUTORELEASING = YES;
				CLANG_WARN_BOOL_CONVERSION = YES;
				CLANG_WARN_COMMA = YES;
				CLANG_WARN_CONSTANT_CONVERSION = YES;
				CLANG_WARN_DEPRECATED_OBJC_IMPLEMENTATIONS = YES;
				CLANG_WARN_DIRECT_OBJC_ISA_USAGE = YES_ERROR;
				CLANG_WARN_DOCUMENTATION_COMMENTS = YES;
				CLANG_WARN_EMPTY_BODY = YES;
				CLANG_WARN_ENUM_CONVERSION = YES;
				CLANG_WARN_INFINITE_RECURSION = YES;
				CLANG_WARN_INT_CONVERSION = YES;
				CLANG_WARN_NON_LITERAL_NULL_CONVERSION = YES;
				CLANG_WARN_OBJC_IMPLICIT_RETAIN_SELF = YES;
				CLANG_WARN_OBJC_LITERAL_CONVERSION = YES;
				CLANG_WARN_OBJC_ROOT_CLASS = YES_ERROR;
				CLANG_WARN_QUOTED_INCLUDE_IN_FRAMEWORK_HEADER = YES;
				CLANG_WARN_RANGE_LOOP_ANALYSIS = YES;
				CLANG_WARN_STRICT_PROTOTYPES = YES;
				CLANG_WARN_SUSPICIOUS_MOVE = YES;
				CLANG_WARN_UNGUARDED_AVAILABILITY = YES_AGGRESSIVE;
				CLANG_WARN_UNREACHABLE_CODE = YES;
				CLANG_WARN__DUPLICATE_METHOD_MATCH = YES;
				COPY_PHASE_STRIP = NO;
				DEBUG_INFORMATION_FORMAT = "dwarf-with-dsym";
				ENABLE_NS_ASSERTIONS = NO;
				ENABLE_STRICT_OBJC_MSGSEND = YES;
				GCC_C_LANGUAGE_STANDARD = gnu11;
				GCC_NO_COMMON_BLOCKS = YES;
				GCC_WARN_64_TO_32_BIT_CONVERSION = YES;
				GCC_WARN_ABOUT_RETURN_TYPE = YES_ERROR;
				GCC_WARN_UNDECLARED_SELECTOR = YES;
				GCC_WARN_UNINITIALIZED_AUTOS = YES_AGGRESSIVE;
				GCC_WARN_UNUSED_FUNCTION = YES;
				GCC_WARN_UNUSED_VARIABLE = YES;
				IPHONEOS_DEPLOYMENT_TARGET = 16.4;
				MTL_ENABLE_DEBUG_INFO = NO;
				MTL_FAST_MATH = YES;
				SDKROOT = iphoneos;
				SWIFT_COMPILATION_MODE = wholemodule;
				SWIFT_OPTIMIZATION_LEVEL = "-O";
				VALIDATE_PRODUCT = YES;
			};
			name = Release;
		};
		96BA26442C0EFC9F001F7A6E /* Debug */ = {
			isa = XCBuildConfiguration;
			buildSettings = {
				ASSETCATALOG_COMPILER_APPICON_NAME = AppIcon;
				ASSETCATALOG_COMPILER_GLOBAL_ACCENT_COLOR_NAME = AccentColor;
				CODE_SIGN_STYLE = Automatic;
				CURRENT_PROJECT_VERSION = 1;
				DEVELOPMENT_TEAM = 62YH74F62B;
				GENERATE_INFOPLIST_FILE = YES;
				INFOPLIST_FILE = InstagramClone/Info.plist;
				INFOPLIST_KEY_UIApplicationSupportsIndirectInputEvents = YES;
				INFOPLIST_KEY_UILaunchStoryboardName = LaunchScreen;
				INFOPLIST_KEY_UIMainStoryboardFile = Main;
				INFOPLIST_KEY_UISupportedInterfaceOrientations_iPad = "UIInterfaceOrientationPortrait UIInterfaceOrientationPortraitUpsideDown UIInterfaceOrientationLandscapeLeft UIInterfaceOrientationLandscapeRight";
				INFOPLIST_KEY_UISupportedInterfaceOrientations_iPhone = "UIInterfaceOrientationPortrait UIInterfaceOrientationLandscapeLeft UIInterfaceOrientationLandscapeRight";
				LD_RUNPATH_SEARCH_PATHS = (
					"$(inherited)",
					"@executable_path/Frameworks",
				);
				MARKETING_VERSION = 1.0;
				PRODUCT_BUNDLE_IDENTIFIER = com.hung.InstagramClone;
				PRODUCT_NAME = "$(TARGET_NAME)";
				SWIFT_EMIT_LOC_STRINGS = YES;
				SWIFT_VERSION = 5.0;
				TARGETED_DEVICE_FAMILY = "1,2";
			};
			name = Debug;
		};
		96BA26452C0EFC9F001F7A6E /* Release */ = {
			isa = XCBuildConfiguration;
			buildSettings = {
				ASSETCATALOG_COMPILER_APPICON_NAME = AppIcon;
				ASSETCATALOG_COMPILER_GLOBAL_ACCENT_COLOR_NAME = AccentColor;
				CODE_SIGN_STYLE = Automatic;
				CURRENT_PROJECT_VERSION = 1;
				DEVELOPMENT_TEAM = 62YH74F62B;
				GENERATE_INFOPLIST_FILE = YES;
				INFOPLIST_FILE = InstagramClone/Info.plist;
				INFOPLIST_KEY_UIApplicationSupportsIndirectInputEvents = YES;
				INFOPLIST_KEY_UILaunchStoryboardName = LaunchScreen;
				INFOPLIST_KEY_UIMainStoryboardFile = Main;
				INFOPLIST_KEY_UISupportedInterfaceOrientations_iPad = "UIInterfaceOrientationPortrait UIInterfaceOrientationPortraitUpsideDown UIInterfaceOrientationLandscapeLeft UIInterfaceOrientationLandscapeRight";
				INFOPLIST_KEY_UISupportedInterfaceOrientations_iPhone = "UIInterfaceOrientationPortrait UIInterfaceOrientationLandscapeLeft UIInterfaceOrientationLandscapeRight";
				LD_RUNPATH_SEARCH_PATHS = (
					"$(inherited)",
					"@executable_path/Frameworks",
				);
				MARKETING_VERSION = 1.0;
				PRODUCT_BUNDLE_IDENTIFIER = com.hung.InstagramClone;
				PRODUCT_NAME = "$(TARGET_NAME)";
				SWIFT_EMIT_LOC_STRINGS = YES;
				SWIFT_VERSION = 5.0;
				TARGETED_DEVICE_FAMILY = "1,2";
			};
			name = Release;
		};
		96BA26472C0EFC9F001F7A6E /* Debug */ = {
			isa = XCBuildConfiguration;
			buildSettings = {
				ALWAYS_EMBED_SWIFT_STANDARD_LIBRARIES = YES;
				BUNDLE_LOADER = "$(TEST_HOST)";
				CODE_SIGN_STYLE = Automatic;
				CURRENT_PROJECT_VERSION = 1;
				DEVELOPMENT_TEAM = 62YH74F62B;
				GENERATE_INFOPLIST_FILE = YES;
				IPHONEOS_DEPLOYMENT_TARGET = 16.4;
				MARKETING_VERSION = 1.0;
				PRODUCT_BUNDLE_IDENTIFIER = com.hung.InstagramCloneTests;
				PRODUCT_NAME = "$(TARGET_NAME)";
				SWIFT_EMIT_LOC_STRINGS = NO;
				SWIFT_VERSION = 5.0;
				TARGETED_DEVICE_FAMILY = "1,2";
				TEST_HOST = "$(BUILT_PRODUCTS_DIR)/InstagramClone.app/$(BUNDLE_EXECUTABLE_FOLDER_PATH)/InstagramClone";
			};
			name = Debug;
		};
		96BA26482C0EFC9F001F7A6E /* Release */ = {
			isa = XCBuildConfiguration;
			buildSettings = {
				ALWAYS_EMBED_SWIFT_STANDARD_LIBRARIES = YES;
				BUNDLE_LOADER = "$(TEST_HOST)";
				CODE_SIGN_STYLE = Automatic;
				CURRENT_PROJECT_VERSION = 1;
				DEVELOPMENT_TEAM = 62YH74F62B;
				GENERATE_INFOPLIST_FILE = YES;
				IPHONEOS_DEPLOYMENT_TARGET = 16.4;
				MARKETING_VERSION = 1.0;
				PRODUCT_BUNDLE_IDENTIFIER = com.hung.InstagramCloneTests;
				PRODUCT_NAME = "$(TARGET_NAME)";
				SWIFT_EMIT_LOC_STRINGS = NO;
				SWIFT_VERSION = 5.0;
				TARGETED_DEVICE_FAMILY = "1,2";
				TEST_HOST = "$(BUILT_PRODUCTS_DIR)/InstagramClone.app/$(BUNDLE_EXECUTABLE_FOLDER_PATH)/InstagramClone";
			};
			name = Release;
		};
		96BA264A2C0EFC9F001F7A6E /* Debug */ = {
			isa = XCBuildConfiguration;
			buildSettings = {
				ALWAYS_EMBED_SWIFT_STANDARD_LIBRARIES = YES;
				CODE_SIGN_STYLE = Automatic;
				CURRENT_PROJECT_VERSION = 1;
				DEVELOPMENT_TEAM = 62YH74F62B;
				GENERATE_INFOPLIST_FILE = YES;
				MARKETING_VERSION = 1.0;
				PRODUCT_BUNDLE_IDENTIFIER = com.hung.InstagramCloneUITests;
				PRODUCT_NAME = "$(TARGET_NAME)";
				SWIFT_EMIT_LOC_STRINGS = NO;
				SWIFT_VERSION = 5.0;
				TARGETED_DEVICE_FAMILY = "1,2";
				TEST_TARGET_NAME = InstagramClone;
			};
			name = Debug;
		};
		96BA264B2C0EFC9F001F7A6E /* Release */ = {
			isa = XCBuildConfiguration;
			buildSettings = {
				ALWAYS_EMBED_SWIFT_STANDARD_LIBRARIES = YES;
				CODE_SIGN_STYLE = Automatic;
				CURRENT_PROJECT_VERSION = 1;
				DEVELOPMENT_TEAM = 62YH74F62B;
				GENERATE_INFOPLIST_FILE = YES;
				MARKETING_VERSION = 1.0;
				PRODUCT_BUNDLE_IDENTIFIER = com.hung.InstagramCloneUITests;
				PRODUCT_NAME = "$(TARGET_NAME)";
				SWIFT_EMIT_LOC_STRINGS = NO;
				SWIFT_VERSION = 5.0;
				TARGETED_DEVICE_FAMILY = "1,2";
				TEST_TARGET_NAME = InstagramClone;
			};
			name = Release;
		};
/* End XCBuildConfiguration section */

/* Begin XCConfigurationList section */
		96BA26142C0EFC9B001F7A6E /* Build configuration list for PBXProject "InstagramClone" */ = {
			isa = XCConfigurationList;
			buildConfigurations = (
				96BA26412C0EFC9F001F7A6E /* Debug */,
				96BA26422C0EFC9F001F7A6E /* Release */,
			);
			defaultConfigurationIsVisible = 0;
			defaultConfigurationName = Release;
		};
		96BA26432C0EFC9F001F7A6E /* Build configuration list for PBXNativeTarget "InstagramClone" */ = {
			isa = XCConfigurationList;
			buildConfigurations = (
				96BA26442C0EFC9F001F7A6E /* Debug */,
				96BA26452C0EFC9F001F7A6E /* Release */,
			);
			defaultConfigurationIsVisible = 0;
			defaultConfigurationName = Release;
		};
		96BA26462C0EFC9F001F7A6E /* Build configuration list for PBXNativeTarget "InstagramCloneTests" */ = {
			isa = XCConfigurationList;
			buildConfigurations = (
				96BA26472C0EFC9F001F7A6E /* Debug */,
				96BA26482C0EFC9F001F7A6E /* Release */,
			);
			defaultConfigurationIsVisible = 0;
			defaultConfigurationName = Release;
		};
		96BA26492C0EFC9F001F7A6E /* Build configuration list for PBXNativeTarget "InstagramCloneUITests" */ = {
			isa = XCConfigurationList;
			buildConfigurations = (
				96BA264A2C0EFC9F001F7A6E /* Debug */,
				96BA264B2C0EFC9F001F7A6E /* Release */,
			);
			defaultConfigurationIsVisible = 0;
			defaultConfigurationName = Release;
		};
/* End XCConfigurationList section */
	};
	rootObject = 96BA26112C0EFC9B001F7A6E /* Project object */;
}
